version = 1
revision = 2
requires-python = ">=3.12"

[[package]]
name = "attrs"
version = "25.3.0"
source = { registry = "https://pypi.org/simple" }
sdist = { url = "https://files.pythonhosted.org/packages/5a/b0/1367933a8532ee6ff8d63537de4f1177af4bff9f3e829baf7331f595bb24/attrs-25.3.0.tar.gz", hash = "sha256:75d7cefc7fb576747b2c81b4442d4d4a1ce0900973527c011d1030fd3bf4af1b", size = 812032, upload-time = "2025-03-13T11:10:22.779Z" }
wheels = [
    { url = "https://files.pythonhosted.org/packages/77/06/bb80f5f86020c4551da315d78b3ab75e8228f89f0162f2c3a819e407941a/attrs-25.3.0-py3-none-any.whl", hash = "sha256:427318ce031701fea540783410126f03899a97ffc6f61596ad581ac2e40e3bc3", size = 63815, upload-time = "2025-03-13T11:10:21.14Z" },
]

[[package]]
name = "hypothesis"
version = "6.135.14"
source = { registry = "https://pypi.org/simple" }
dependencies = [
    { name = "attrs" },
    { name = "sortedcontainers" },
]
sdist = { url = "https://files.pythonhosted.org/packages/70/a5/d4f74ba61bbe5dd001c998ae8b85f9bfdc6cd29e6c5693d1116847b64251/hypothesis-6.135.14.tar.gz", hash = "sha256:2666df50b3cc40ea08b161a5389d6a1cd5aa3cab0dd8fde0ae339389714a4f67", size = 452884, upload-time = "2025-06-20T19:16:38.199Z" }
wheels = [
    { url = "https://files.pythonhosted.org/packages/ce/cf/491a487229b04a2ad56175c74700cfb79635dfce2d942becc6ab10c0ceb9/hypothesis-6.135.14-py3-none-any.whl", hash = "sha256:0dd5b8095e36bd288367c631f864a16c30500b01b17943dcea681233f7421860", size = 519115, upload-time = "2025-06-20T19:16:34.539Z" },
]

[[package]]
name = "kiss"
version = "0.1.0"
source = { editable = "." }
dependencies = [
    { name = "hypothesis" },
]

[package.metadata]
requires-dist = [{ name = "hypothesis", specifier = ">=6.135.14" }]

[[package]]
name = "sortedcontainers"
version = "2.4.0"
source = { registry = "https://pypi.org/simple" }
sdist = { url = "https://files.pythonhosted.org/packages/e8/c4/ba2f8066cceb6f23394729afe52f3bf7adec04bf9ed2c820b39e19299111/sortedcontainers-2.4.0.tar.gz", hash = "sha256:25caa5a06cc30b6b83d11423433f65d1f9d76c4c6a0c90e3379eaa43b9bfdb88", size = 30594, upload-time = "2021-05-16T22:03:42.897Z" }
wheels = [
    { url = "https://files.pythonhosted.org/packages/32/46/9cb0e58b2deb7f82b84065f37f3bffeb12413f947f9388e4cac22c4621ce/sortedcontainers-2.4.0-py2.py3-none-any.whl", hash = "sha256:a163dcaede0f1c021485e957a39245190e74249897e2ae4b2aa38595db237ee0", size = 29575, upload-time = "2021-05-16T22:03:41.177Z" },
]
